{
  "name": "BLCU-CSLab",
  "lockfileVersion": 2,
  "requires": true,
  "packages": {
    "": {
      "dependencies": {
        "gitbook-plugin-advanced-emoji": "^0.2.2",
        "gitbook-plugin-alerts": "^0.2.0",
        "gitbook-plugin-anchor-navigation-ex": "^1.0.14",
        "gitbook-plugin-chapter-fold": "^0.0.4",
        "gitbook-plugin-code": "^0.1.0",
        "gitbook-plugin-disqus": "^0.1.0",
        "gitbook-plugin-expandable-chapters": "^0.2.0",
        "gitbook-plugin-favicon": "^0.0.2",
        "gitbook-plugin-favicon-absolute": "^0.1.1",
        "gitbook-plugin-flexible-alerts": "^1.0.3",
        "gitbook-plugin-github": "^2.0.0",
        "gitbook-plugin-insert-logo": "^0.1.5",
        "gitbook-plugin-multipart": "^0.3.0",
        "gitbook-plugin-search-plus": "^1.0.4-alpha-3",
        "gitbook-plugin-search-pro": "^2.0.2",
        "gitbook-plugin-splitter": "^0.0.8",
        "gitbook-plugin-theme-comscore": "^0.0.3",
        "gitbook-plugin-theme-fexa": "^1.0.6"
      }
    },
    "node_modules/boolbase": {
      "version": "1.0.0",
      "resolved": "https://registry.npmmirror.com/boolbase/download/boolbase-1.0.0.tgz",
      "integrity": "sha1-aN/1++YMUes3cl6p4+0xDcwed24="
    },
    "node_modules/cheerio": {
      "version": "1.0.0-rc.10",
      "resolved": "https://registry.npmmirror.com/cheerio/download/cheerio-1.0.0-rc.10.tgz",
      "integrity": "sha1-K6Pc38wm55VvwfRA5h1RxkM3nz4=",
      "dependencies": {
        "cheerio-select": "^1.5.0",
        "dom-serializer": "^1.3.2",
        "domhandler": "^4.2.0",
        "htmlparser2": "^6.1.0",
        "parse5": "^6.0.1",
        "parse5-htmlparser2-tree-adapter": "^6.0.1",
        "tslib": "^2.2.0"
      },
      "engines": {
        "node": ">= 6"
      }
    },
    "node_modules/cheerio-select": {
      "version": "1.5.0",
      "resolved": "https://registry.npmmirror.com/cheerio-select/download/cheerio-select-1.5.0.tgz",
      "integrity": "sha1-+vPa6zGxfF4anavO4oiq+Kr6WCM=",
      "dependencies": {
        "css-select": "^4.1.3",
        "css-what": "^5.0.1",
        "domelementtype": "^2.2.0",
        "domhandler": "^4.2.0",
        "domutils": "^2.7.0"
      }
    },
    "node_modules/colors": {
      "version": "1.4.0",
      "resolved": "https://registry.npmmirror.com/colors/download/colors-1.4.0.tgz",
      "integrity": "sha1-xQSRR51MG9rtLJztMs98fcI2D3g=",
      "engines": {
        "node": ">=0.1.90"
      }
    },
    "node_modules/core-util-is": {
      "version": "1.0.3",
      "resolved": "https://registry.npmmirror.com/core-util-is/download/core-util-is-1.0.3.tgz",
      "integrity": "sha1-pgQtNjTCsn6TKPg3uWX6yDgI24U="
    },
    "node_modules/css-select": {
      "version": "4.1.3",
      "resolved": "https://registry.npmmirror.com/css-select/download/css-select-4.1.3.tgz",
      "integrity": "sha1-pwRA9wMX8maRGK10/xBeZYSccGc=",
      "dependencies": {
        "boolbase": "^1.0.0",
        "css-what": "^5.0.0",
        "domhandler": "^4.2.0",
        "domutils": "^2.6.0",
        "nth-check": "^2.0.0"
      }
    },
    "node_modules/css-what": {
      "version": "5.1.0",
      "resolved": "https://registry.npmmirror.com/css-what/download/css-what-5.1.0.tgz?cache=0&sync_timestamp=1633864428616&other_urls=https%3A%2F%2Fregistry.npmmirror.com%2Fcss-what%2Fdownload%2Fcss-what-5.1.0.tgz",
      "integrity": "sha1-P3tweq32M7r2LCzrhXm1RbtA9/4=",
      "license": "BSD-2-Clause",
      "engines": {
        "node": ">= 6"
      },
      "funding": {
        "url": "https://github.com/sponsors/fb55"
      }
    },
    "node_modules/CSSselect": {
      "version": "0.4.1",
      "resolved": "https://registry.npmmirror.com/CSSselect/download/CSSselect-0.4.1.tgz",
      "integrity": "sha1-+Kt+H4QYzmPNput713ioXX7EkrI=",
      "deprecated": "the module is now available as 'css-select'",
      "dependencies": {
        "CSSwhat": "0.4",
        "domutils": "1.4"
      }
    },
    "node_modules/CSSselect/node_modules/domelementtype": {
      "version": "1.3.1",
      "resolved": "https://registry.npmmirror.com/domelementtype/download/domelementtype-1.3.1.tgz",
      "integrity": "sha1-0EjESzew0Qp/Kj1f7j9DM9eQSB8="
    },
    "node_modules/CSSselect/node_modules/domutils": {
      "version": "1.4.3",
      "resolved": "https://registry.npmmirror.com/domutils/download/domutils-1.4.3.tgz",
      "integrity": "sha1-CGVRN5bGswYDGFDhdVFrr4C3Km8=",
      "dependencies": {
        "domelementtype": "1"
      }
    },
    "node_modules/CSSwhat": {
      "version": "0.4.7",
      "resolved": "https://registry.npmmirror.com/CSSwhat/download/CSSwhat-0.4.7.tgz",
      "integrity": "sha1-hn2g/zn3eGEyQsRM/qg/CqTr35s=",
      "deprecated": "the module is now available as 'css-what'",
      "engines": {
        "node": "*"
      }
    },
    "node_modules/dom-serializer": {
      "version": "1.3.2",
      "resolved": "https://registry.npmmirror.com/dom-serializer/download/dom-serializer-1.3.2.tgz",
      "integrity": "sha1-YgZDfTLO767HFhgDIwx6ILwbTZE=",
      "dependencies": {
        "domelementtype": "^2.0.1",
        "domhandler": "^4.2.0",
        "entities": "^2.0.0"
      }
    },
    "node_modules/domelementtype": {
      "version": "2.2.0",
      "resolved": "https://registry.npmmirror.com/domelementtype/download/domelementtype-2.2.0.tgz",
      "integrity": "sha1-mgtsJ4LtahxzI9QiZxg9+b2LHVc="
    },
    "node_modules/domhandler": {
      "version": "4.3.0",
      "resolved": "https://registry.npmmirror.com/domhandler/download/domhandler-4.3.0.tgz",
      "integrity": "sha512-fC0aXNQXqKSFTr2wDNZDhsEYjCiYsDWl3D01kwt25hm1YIPyDGHvvi3rw+PLqHAl/m71MaiF7d5zvBr0p5UB2g==",
      "dependencies": {
        "domelementtype": "^2.2.0"
      },
      "engines": {
        "node": ">= 4"
      },
      "funding": {
        "url": "https://github.com/fb55/domhandler?sponsor=1"
      }
    },
    "node_modules/domutils": {
      "version": "2.8.0",
      "resolved": "https://registry.npmmirror.com/domutils/download/domutils-2.8.0.tgz",
      "integrity": "sha1-RDfe9dtuLR9dbuhZvZXKfQIEgTU=",
      "dependencies": {
        "dom-serializer": "^1.0.1",
        "domelementtype": "^2.2.0",
        "domhandler": "^4.2.0"
      }
    },
    "node_modules/emojify.js": {
      "version": "1.1.0",
      "resolved": "https://registry.npmmirror.com/emojify.js/download/emojify.js-1.1.0.tgz",
      "integrity": "sha1-B5//IjMHyQB/VweF6OSTXVw5i+s="
    },
    "node_modules/entities": {
      "version": "2.2.0",
      "resolved": "https://registry.npmmirror.com/entities/download/entities-2.2.0.tgz",
      "integrity": "sha1-CY3JDruD2N/6CJ1VJWs1HTTE2lU="
    },
    "node_modules/gitbook-plugin-advanced-emoji": {
      "version": "0.2.2",
      "resolved": "https://registry.npmmirror.com/gitbook-plugin-advanced-emoji/download/gitbook-plugin-advanced-emoji-0.2.2.tgz",
      "integrity": "sha1-CLzGn2KnSc1pIEQ1J2UYyUHDGeM=",
      "dependencies": {
        "emojify.js": "^1.1.0"
      },
      "engines": {
        "gitbook": ">=3.0.0-pre.0"
      }
    },
    "node_modules/gitbook-plugin-alerts": {
      "version": "0.2.0",
      "resolved": "https://registry.npmmirror.com/gitbook-plugin-alerts/download/gitbook-plugin-alerts-0.2.0.tgz",
      "integrity": "sha1-yMd4tBeY+AiwO+uQiCLpKKT74Tc=",
      "engines": {
        "gitbook": ">=2.5.1"
      }
    },
    "node_modules/gitbook-plugin-anchor-navigation-ex": {
      "version": "1.0.14",
      "resolved": "https://registry.npmmirror.com/gitbook-plugin-anchor-navigation-ex/download/gitbook-plugin-anchor-navigation-ex-1.0.14.tgz",
      "integrity": "sha1-Gxkz8ApxiOPAMppFBxOFeQQ6Qnc=",
      "dependencies": {
        "cheerio": "*",
        "colors": "^1.1.2",
        "github-slugid": "1.0.1"
      },
      "engines": {
        "gitbook": ">=3.0.0"
      }
    },
    "node_modules/gitbook-plugin-chapter-fold": {
      "version": "0.0.4",
      "resolved": "https://registry.npmmirror.com/gitbook-plugin-chapter-fold/download/gitbook-plugin-chapter-fold-0.0.4.tgz",
      "integrity": "sha1-3NWiH4C8vJjAiEGXdMOXrm1EY+8=",
      "engines": {
        "gitbook": ">=1.0.0"
      }
    },
    "node_modules/gitbook-plugin-code": {
      "version": "0.1.0",
      "resolved": "https://registry.npmmirror.com/gitbook-plugin-code/download/gitbook-plugin-code-0.1.0.tgz",
      "integrity": "sha1-gRqWALrvdViuGTzufVgQABZn6Xs=",
      "engines": {
        "gitbook": ">2.5.0"
      }
    },
    "node_modules/gitbook-plugin-disqus": {
      "version": "0.1.0",
      "resolved": "https://registry.npmmirror.com/gitbook-plugin-disqus/download/gitbook-plugin-disqus-0.1.0.tgz",
      "integrity": "sha1-9gNfnEmHz1/JGA4FpkQ1pngpatY=",
      "engines": {
        "gitbook": ">=2.5.0"
      }
    },
    "node_modules/gitbook-plugin-expandable-chapters": {
      "version": "0.2.0",
      "resolved": "https://registry.npmmirror.com/gitbook-plugin-expandable-chapters/download/gitbook-plugin-expandable-chapters-0.2.0.tgz",
      "integrity": "sha1-RdcIeuaQekH0gSjFT+ViJKnBraI=",
      "engines": {
        "gitbook": ">=0.4.6"
      }
    },
    "node_modules/gitbook-plugin-favicon": {
      "version": "0.0.2",
      "resolved": "https://registry.npmmirror.com/gitbook-plugin-favicon/download/gitbook-plugin-favicon-0.0.2.tgz",
      "integrity": "sha1-s+QWQvFSr8bEU1/ZtjXf4xtMh3I=",
      "engines": {
        "gitbook": "*"
      }
    },
    "node_modules/gitbook-plugin-favicon-absolute": {
      "version": "0.1.1",
      "resolved": "https://registry.npmmirror.com/gitbook-plugin-favicon-absolute/download/gitbook-plugin-favicon-absolute-0.1.1.tgz",
      "integrity": "sha1-F9Ub8a9cjGgAw0wSRolyiBzoMcY=",
      "engines": {
        "gitbook": "*"
      }
    },
    "node_modules/gitbook-plugin-flexible-alerts": {
      "version": "1.0.3",
      "resolved": "https://registry.npmmirror.com/gitbook-plugin-flexible-alerts/download/gitbook-plugin-flexible-alerts-1.0.3.tgz",
      "integrity": "sha1-BXoVqRIJ/rv90OgTQ3vhfaa72KA=",
      "engines": {
        "gitbook": ">=2.0.0"
      }
    },
    "node_modules/gitbook-plugin-github": {
      "version": "2.0.0",
      "resolved": "https://registry.npmmirror.com/gitbook-plugin-github/download/gitbook-plugin-github-2.0.0.tgz",
      "integrity": "sha1-UWbnY8/MQC1DKIC3pshcHFS1ao0=",
      "engines": {
        "gitbook": ">=2.5.0"
      }
    },
    "node_modules/gitbook-plugin-insert-logo": {
      "version": "0.1.5",
      "resolved": "https://registry.npmmirror.com/gitbook-plugin-insert-logo/download/gitbook-plugin-insert-logo-0.1.5.tgz",
      "integrity": "sha1-2q6N2kGiNtVPE5MeVwsmcpVXiFo=",
      "engines": {
        "gitbook": ">1.x.x"
      }
    },
    "node_modules/gitbook-plugin-multipart": {
      "version": "0.3.0",
      "resolved": "https://registry.npmmirror.com/gitbook-plugin-multipart/download/gitbook-plugin-multipart-0.3.0.tgz",
      "integrity": "sha1-Y8j8DJG0ndryW1GjTvPPmHXcJXw=",
      "dependencies": {
        "cheerio": "0.17.0"
      },
      "engines": {
        "gitbook": ">=0.6.0"
      }
    },
    "node_modules/gitbook-plugin-multipart/node_modules/cheerio": {
      "version": "0.17.0",
      "resolved": "https://registry.npmmirror.com/cheerio/download/cheerio-0.17.0.tgz",
      "integrity": "sha1-+lrkLMYBIRM9KW0LRtmDIV9yaOo=",
      "dependencies": {
        "CSSselect": "~0.4.0",
        "dom-serializer": "~0.0.0",
        "entities": "~1.1.1",
        "htmlparser2": "~3.7.2",
        "lodash": "~2.4.1"
      },
      "engines": {
        "node": ">= 0.6"
      }
    },
    "node_modules/gitbook-plugin-multipart/node_modules/dom-serializer": {
      "version": "0.0.1",
      "resolved": "https://registry.npmmirror.com/dom-serializer/download/dom-serializer-0.0.1.tgz",
      "integrity": "sha1-lYmCfx4y0iw3yCmtq9WbMkevjq8=",
      "dependencies": {
        "domelementtype": "~1.1.1",
        "entities": "~1.1.1"
      }
    },
    "node_modules/gitbook-plugin-multipart/node_modules/domelementtype": {
      "version": "1.1.3",
      "resolved": "https://registry.npmmirror.com/domelementtype/download/domelementtype-1.1.3.tgz",
      "integrity": "sha1-vSh3PiZCiBrsUVRJJCmcXNgiGFs="
    },
    "node_modules/gitbook-plugin-multipart/node_modules/domhandler": {
      "version": "2.2.1",
      "resolved": "https://registry.npmmirror.com/domhandler/download/domhandler-2.2.1.tgz",
      "integrity": "sha1-Wd+dzSJ+gIs2Wuc+H2aErD2Ub8I=",
      "dependencies": {
        "domelementtype": "1"
      }
    },
    "node_modules/gitbook-plugin-multipart/node_modules/domutils": {
      "version": "1.5.1",
      "resolved": "https://registry.npmmirror.com/domutils/download/domutils-1.5.1.tgz",
      "integrity": "sha1-3NhIiib1Y9YQeeSMn3t+Mjc2gs8=",
      "dependencies": {
        "dom-serializer": "0",
        "domelementtype": "1"
      }
    },
    "node_modules/gitbook-plugin-multipart/node_modules/entities": {
      "version": "1.1.2",
      "resolved": "https://registry.npmmirror.com/entities/download/entities-1.1.2.tgz",
      "integrity": "sha1-vfpzUplmTfr9NFKe1PhSKidf6lY="
    },
    "node_modules/gitbook-plugin-multipart/node_modules/htmlparser2": {
      "version": "3.7.3",
      "resolved": "https://registry.npmmirror.com/htmlparser2/download/htmlparser2-3.7.3.tgz?cache=0&sync_timestamp=1636640908020&other_urls=https%3A%2F%2Fregistry.npmmirror.com%2Fhtmlparser2%2Fdownload%2Fhtmlparser2-3.7.3.tgz",
      "integrity": "sha1-amTHdjfAjG8w7CqBV6UzM758sF4=",
      "dependencies": {
        "domelementtype": "1",
        "domhandler": "2.2",
        "domutils": "1.5",
        "entities": "1.0",
        "readable-stream": "1.1"
      }
    },
    "node_modules/gitbook-plugin-multipart/node_modules/htmlparser2/node_modules/entities": {
      "version": "1.0.0",
      "resolved": "https://registry.npmmirror.com/entities/download/entities-1.0.0.tgz",
      "integrity": "sha1-sph6o4ITR/zeZCsk/fyeT7cSvyY="
    },
    "node_modules/gitbook-plugin-search-plus": {
      "version": "1.0.4-alpha-3",
      "resolved": "https://registry.npmmirror.com/gitbook-plugin-search-plus/download/gitbook-plugin-search-plus-1.0.4-alpha-3.tgz",
      "integrity": "sha1-zAHQTxFnMlWpapgcdu10FPnTB2M=",
      "dependencies": {
        "html-entities": "1.2.0"
      },
      "engines": {
        "gitbook": ">=3.0.0"
      }
    },
    "node_modules/gitbook-plugin-search-pro": {
      "version": "2.0.2",
      "resolved": "https://registry.npmmirror.com/gitbook-plugin-search-pro/download/gitbook-plugin-search-pro-2.0.2.tgz",
      "integrity": "sha1-fOduj2XCBESJucaSc2sj+B/mofI=",
      "dependencies": {
        "html-entities": "1.2.0"
      },
      "engines": {
        "gitbook": ">=3.0.0"
      }
    },
    "node_modules/gitbook-plugin-splitter": {
      "version": "0.0.8",
      "resolved": "https://registry.npmmirror.com/gitbook-plugin-splitter/download/gitbook-plugin-splitter-0.0.8.tgz",
      "integrity": "sha1-8rBRMGD8kma0awQYLk7KHUtx+vw=",
      "engines": {
        "gitbook": ">1.x.x"
      }
    },
    "node_modules/gitbook-plugin-theme-comscore": {
      "version": "0.0.3",
      "resolved": "https://registry.npmmirror.com/gitbook-plugin-theme-comscore/download/gitbook-plugin-theme-comscore-0.0.3.tgz",
      "integrity": "sha1-miVPpKNxNSkgleQ0TyWSErV4H+0=",
      "engines": {
        "gitbook": "*"
      }
    },
    "node_modules/gitbook-plugin-theme-fexa": {
      "version": "1.0.6",
      "resolved": "https://registry.npmmirror.com/gitbook-plugin-theme-fexa/download/gitbook-plugin-theme-fexa-1.0.6.tgz",
      "integrity": "sha1-083SsmywRK5HZZeJFOuMPqynnuA=",
      "engines": {
        "gitbook": ">=3.0.0"
      }
    },
    "node_modules/github-slugid": {
      "version": "1.0.1",
      "resolved": "https://registry.npmmirror.com/github-slugid/download/github-slugid-1.0.1.tgz",
      "integrity": "sha1-vM3QgVv61p2KNZ+k/WWUfWBuw8A="
    },
    "node_modules/html-entities": {
      "version": "1.2.0",
      "resolved": "https://registry.npmmirror.com/html-entities/download/html-entities-1.2.0.tgz",
      "integrity": "sha1-QZSMr4XOgv7Tbk5qDtNxpmZDeeI=",
      "engines": [
        "node >= 0.4.0"
      ]
    },
    "node_modules/htmlparser2": {
      "version": "6.1.0",
      "resolved": "https://registry.npmmirror.com/htmlparser2/download/htmlparser2-6.1.0.tgz?cache=0&sync_timestamp=1636640908020&other_urls=https%3A%2F%2Fregistry.npmmirror.com%2Fhtmlparser2%2Fdownload%2Fhtmlparser2-6.1.0.tgz",
      "integrity": "sha1-xNditsM3GgXb5l6UrkOp+EX7j7c=",
      "dependencies": {
        "domelementtype": "^2.0.1",
        "domhandler": "^4.0.0",
        "domutils": "^2.5.2",
        "entities": "^2.0.0"
      }
    },
    "node_modules/inherits": {
      "version": "2.0.4",
      "resolved": "https://registry.npmmirror.com/inherits/download/inherits-2.0.4.tgz",
      "integrity": "sha1-D6LGT5MpF8NDOg3tVTY6rjdBa3w="
    },
    "node_modules/isarray": {
      "version": "0.0.1",
      "resolved": "https://registry.npmmirror.com/isarray/download/isarray-0.0.1.tgz",
      "integrity": "sha1-ihis/Kmo9Bd+Cav8YDiTmwXR7t8="
    },
    "node_modules/lodash": {
      "version": "2.4.2",
      "resolved": "https://registry.npmmirror.com/lodash/download/lodash-2.4.2.tgz",
      "integrity": "sha1-+t2DS5aDBz2hebPq5tnA0VBT9z4=",
      "engines": [
        "node",
        "rhino"
      ]
    },
    "node_modules/nth-check": {
      "version": "2.0.1",
      "resolved": "https://registry.npmmirror.com/nth-check/download/nth-check-2.0.1.tgz",
      "integrity": "sha1-Lv4WL1w9oGoolZ+9PbddvuqfD8I=",
      "dependencies": {
        "boolbase": "^1.0.0"
      }
    },
    "node_modules/parse5": {
      "version": "6.0.1",
      "resolved": "https://registry.npmmirror.com/parse5/download/parse5-6.0.1.tgz",
      "integrity": "sha1-4aHAhcVps9wIMhGE8Zo5zCf3wws="
    },
    "node_modules/parse5-htmlparser2-tree-adapter": {
      "version": "6.0.1",
      "resolved": "https://registry.npmmirror.com/parse5-htmlparser2-tree-adapter/download/parse5-htmlparser2-tree-adapter-6.0.1.tgz",
      "integrity": "sha1-LN+a2CMyEUA3DU2/XT6Sx8jdxuY=",
      "dependencies": {
        "parse5": "^6.0.1"
      }
    },
    "node_modules/readable-stream": {
      "version": "1.1.14",
      "resolved": "https://registry.npmmirror.com/readable-stream/download/readable-stream-1.1.14.tgz?cache=0&sync_timestamp=1632380409088&other_urls=https%3A%2F%2Fregistry.npmmirror.com%2Freadable-stream%2Fdownload%2Freadable-stream-1.1.14.tgz",
      "integrity": "sha1-fPTFTvZI44EwhMY23SB54WbAgdk=",
      "dependencies": {
        "core-util-is": "~1.0.0",
        "inherits": "~2.0.1",
        "isarray": "0.0.1",
        "string_decoder": "~0.10.x"
      }
    },
    "node_modules/string_decoder": {
      "version": "0.10.31",
      "resolved": "https://registry.npmmirror.com/string_decoder/download/string_decoder-0.10.31.tgz",
      "integrity": "sha1-YuIDvEF2bGwoyfyEMB2rHFMQ+pQ="
    },
    "node_modules/tslib": {
      "version": "2.3.1",
      "resolved": "https://registry.npmmirror.com/tslib/download/tslib-2.3.1.tgz",
      "integrity": "sha1-6KM1rdXOrlGqJh0ypJAVjvBC7wE="
    }
  },
  "dependencies": {
    "boolbase": {
      "version": "1.0.0",
      "resolved": "https://registry.npmmirror.com/boolbase/download/boolbase-1.0.0.tgz",
      "integrity": "sha1-aN/1++YMUes3cl6p4+0xDcwed24="
    },
    "cheerio": {
      "version": "1.0.0-rc.10",
      "resolved": "https://registry.npmmirror.com/cheerio/download/cheerio-1.0.0-rc.10.tgz",
      "integrity": "sha1-K6Pc38wm55VvwfRA5h1RxkM3nz4=",
      "requires": {
        "cheerio-select": "^1.5.0",
        "dom-serializer": "^1.3.2",
        "domhandler": "^4.2.0",
        "htmlparser2": "^6.1.0",
        "parse5": "^6.0.1",
        "parse5-htmlparser2-tree-adapter": "^6.0.1",
        "tslib": "^2.2.0"
      }
    },
    "cheerio-select": {
      "version": "1.5.0",
      "resolved": "https://registry.npmmirror.com/cheerio-select/download/cheerio-select-1.5.0.tgz",
      "integrity": "sha1-+vPa6zGxfF4anavO4oiq+Kr6WCM=",
      "requires": {
        "css-select": "^4.1.3",
        "css-what": "^5.0.1",
        "domelementtype": "^2.2.0",
        "domhandler": "^4.2.0",
        "domutils": "^2.7.0"
      }
    },
    "colors": {
      "version": "1.4.0",
      "resolved": "https://registry.npmmirror.com/colors/download/colors-1.4.0.tgz",
      "integrity": "sha1-xQSRR51MG9rtLJztMs98fcI2D3g="
    },
    "core-util-is": {
      "version": "1.0.3",
      "resolved": "https://registry.npmmirror.com/core-util-is/download/core-util-is-1.0.3.tgz",
      "integrity": "sha1-pgQtNjTCsn6TKPg3uWX6yDgI24U="
    },
    "css-select": {
      "version": "4.1.3",
      "resolved": "https://registry.npmmirror.com/css-select/download/css-select-4.1.3.tgz",
      "integrity": "sha1-pwRA9wMX8maRGK10/xBeZYSccGc=",
      "requires": {
        "boolbase": "^1.0.0",
        "css-what": "^5.0.0",
        "domhandler": "^4.2.0",
        "domutils": "^2.6.0",
        "nth-check": "^2.0.0"
      }
    },
    "css-what": {
      "version": "5.1.0",
      "resolved": "https://registry.npmmirror.com/css-what/download/css-what-5.1.0.tgz?cache=0&sync_timestamp=1633864428616&other_urls=https%3A%2F%2Fregistry.npmmirror.com%2Fcss-what%2Fdownload%2Fcss-what-5.1.0.tgz",
      "integrity": "sha1-P3tweq32M7r2LCzrhXm1RbtA9/4="
    },
    "CSSselect": {
      "version": "0.4.1",
      "resolved": "https://registry.npmmirror.com/CSSselect/download/CSSselect-0.4.1.tgz",
      "integrity": "sha1-+Kt+H4QYzmPNput713ioXX7EkrI=",
      "requires": {
        "CSSwhat": "0.4",
        "domutils": "1.4"
      },
      "dependencies": {
        "domelementtype": {
          "version": "1.3.1",
          "resolved": "https://registry.npmmirror.com/domelementtype/download/domelementtype-1.3.1.tgz",
          "integrity": "sha1-0EjESzew0Qp/Kj1f7j9DM9eQSB8="
        },
        "domutils": {
          "version": "1.4.3",
          "resolved": "https://registry.npmmirror.com/domutils/download/domutils-1.4.3.tgz",
          "integrity": "sha1-CGVRN5bGswYDGFDhdVFrr4C3Km8=",
          "requires": {
            "domelementtype": "1"
          }
        }
      }
    },
    "CSSwhat": {
      "version": "0.4.7",
      "resolved": "https://registry.npmmirror.com/CSSwhat/download/CSSwhat-0.4.7.tgz",
      "integrity": "sha1-hn2g/zn3eGEyQsRM/qg/CqTr35s="
    },
    "dom-serializer": {
      "version": "1.3.2",
      "resolved": "https://registry.npmmirror.com/dom-serializer/download/dom-serializer-1.3.2.tgz",
      "integrity": "sha1-YgZDfTLO767HFhgDIwx6ILwbTZE=",
      "requires": {
        "domelementtype": "^2.0.1",
        "domhandler": "^4.2.0",
        "entities": "^2.0.0"
      }
    },
    "domelementtype": {
      "version": "2.2.0",
      "resolved": "https://registry.npmmirror.com/domelementtype/download/domelementtype-2.2.0.tgz",
      "integrity": "sha1-mgtsJ4LtahxzI9QiZxg9+b2LHVc="
    },
    "domhandler": {
      "version": "4.3.0",
      "resolved": "https://registry.npmmirror.com/domhandler/download/domhandler-4.3.0.tgz",
      "integrity": "sha512-fC0aXNQXqKSFTr2wDNZDhsEYjCiYsDWl3D01kwt25hm1YIPyDGHvvi3rw+PLqHAl/m71MaiF7d5zvBr0p5UB2g==",
      "requires": {
        "domelementtype": "^2.2.0"
      }
    },
    "domutils": {
      "version": "2.8.0",
      "resolved": "https://registry.npmmirror.com/domutils/download/domutils-2.8.0.tgz",
      "integrity": "sha1-RDfe9dtuLR9dbuhZvZXKfQIEgTU=",
      "requires": {
        "dom-serializer": "^1.0.1",
        "domelementtype": "^2.2.0",
        "domhandler": "^4.2.0"
      }
    },
    "emojify.js": {
      "version": "1.1.0",
      "resolved": "https://registry.npmmirror.com/emojify.js/download/emojify.js-1.1.0.tgz",
      "integrity": "sha1-B5//IjMHyQB/VweF6OSTXVw5i+s="
    },
    "entities": {
      "version": "2.2.0",
      "resolved": "https://registry.npmmirror.com/entities/download/entities-2.2.0.tgz",
      "integrity": "sha1-CY3JDruD2N/6CJ1VJWs1HTTE2lU="
    },
    "gitbook-plugin-advanced-emoji": {
      "version": "0.2.2",
      "resolved": "https://registry.npmmirror.com/gitbook-plugin-advanced-emoji/download/gitbook-plugin-advanced-emoji-0.2.2.tgz",
      "integrity": "sha1-CLzGn2KnSc1pIEQ1J2UYyUHDGeM=",
      "requires": {
        "emojify.js": "^1.1.0"
      }
    },
    "gitbook-plugin-alerts": {
      "version": "0.2.0",
      "resolved": "https://registry.npmmirror.com/gitbook-plugin-alerts/download/gitbook-plugin-alerts-0.2.0.tgz",
      "integrity": "sha1-yMd4tBeY+AiwO+uQiCLpKKT74Tc="
    },
    "gitbook-plugin-anchor-navigation-ex": {
      "version": "1.0.14",
      "resolved": "https://registry.npmmirror.com/gitbook-plugin-anchor-navigation-ex/download/gitbook-plugin-anchor-navigation-ex-1.0.14.tgz",
      "integrity": "sha1-Gxkz8ApxiOPAMppFBxOFeQQ6Qnc=",
      "requires": {
        "cheerio": "*",
        "colors": "^1.1.2",
        "github-slugid": "1.0.1"
      }
    },
    "gitbook-plugin-chapter-fold": {
      "version": "0.0.4",
      "resolved": "https://registry.npmmirror.com/gitbook-plugin-chapter-fold/download/gitbook-plugin-chapter-fold-0.0.4.tgz",
      "integrity": "sha1-3NWiH4C8vJjAiEGXdMOXrm1EY+8="
    },
    "gitbook-plugin-code": {
      "version": "0.1.0",
      "resolved": "https://registry.npmmirror.com/gitbook-plugin-code/download/gitbook-plugin-code-0.1.0.tgz",
      "integrity": "sha1-gRqWALrvdViuGTzufVgQABZn6Xs="
    },
    "gitbook-plugin-disqus": {
      "version": "0.1.0",
      "resolved": "https://registry.npmmirror.com/gitbook-plugin-disqus/download/gitbook-plugin-disqus-0.1.0.tgz",
      "integrity": "sha1-9gNfnEmHz1/JGA4FpkQ1pngpatY="
    },
    "gitbook-plugin-expandable-chapters": {
      "version": "0.2.0",
      "resolved": "https://registry.npmmirror.com/gitbook-plugin-expandable-chapters/download/gitbook-plugin-expandable-chapters-0.2.0.tgz",
      "integrity": "sha1-RdcIeuaQekH0gSjFT+ViJKnBraI="
    },
    "gitbook-plugin-favicon": {
      "version": "0.0.2",
      "resolved": "https://registry.npmmirror.com/gitbook-plugin-favicon/download/gitbook-plugin-favicon-0.0.2.tgz",
      "integrity": "sha1-s+QWQvFSr8bEU1/ZtjXf4xtMh3I="
    },
    "gitbook-plugin-favicon-absolute": {
      "version": "0.1.1",
      "resolved": "https://registry.npmmirror.com/gitbook-plugin-favicon-absolute/download/gitbook-plugin-favicon-absolute-0.1.1.tgz",
      "integrity": "sha1-F9Ub8a9cjGgAw0wSRolyiBzoMcY="
    },
    "gitbook-plugin-flexible-alerts": {
      "version": "1.0.3",
      "resolved": "https://registry.npmmirror.com/gitbook-plugin-flexible-alerts/download/gitbook-plugin-flexible-alerts-1.0.3.tgz",
      "integrity": "sha1-BXoVqRIJ/rv90OgTQ3vhfaa72KA="
    },
    "gitbook-plugin-github": {
      "version": "2.0.0",
      "resolved": "https://registry.npmmirror.com/gitbook-plugin-github/download/gitbook-plugin-github-2.0.0.tgz",
      "integrity": "sha1-UWbnY8/MQC1DKIC3pshcHFS1ao0="
    },
    "gitbook-plugin-insert-logo": {
      "version": "0.1.5",
      "resolved": "https://registry.npmmirror.com/gitbook-plugin-insert-logo/download/gitbook-plugin-insert-logo-0.1.5.tgz",
      "integrity": "sha1-2q6N2kGiNtVPE5MeVwsmcpVXiFo="
    },
    "gitbook-plugin-multipart": {
      "version": "0.3.0",
      "resolved": "https://registry.npmmirror.com/gitbook-plugin-multipart/download/gitbook-plugin-multipart-0.3.0.tgz",
      "integrity": "sha1-Y8j8DJG0ndryW1GjTvPPmHXcJXw=",
      "requires": {
        "cheerio": "0.17.0"
      },
      "dependencies": {
        "cheerio": {
          "version": "0.17.0",
          "resolved": "https://registry.npmmirror.com/cheerio/download/cheerio-0.17.0.tgz",
          "integrity": "sha1-+lrkLMYBIRM9KW0LRtmDIV9yaOo=",
          "requires": {
            "CSSselect": "~0.4.0",
            "dom-serializer": "~0.0.0",
            "entities": "~1.1.1",
            "htmlparser2": "~3.7.2",
            "lodash": "~2.4.1"
          }
        },
        "dom-serializer": {
          "version": "0.0.1",
          "resolved": "https://registry.npmmirror.com/dom-serializer/download/dom-serializer-0.0.1.tgz",
          "integrity": "sha1-lYmCfx4y0iw3yCmtq9WbMkevjq8=",
          "requires": {
            "domelementtype": "~1.1.1",
            "entities": "~1.1.1"
          }
        },
        "domelementtype": {
          "version": "1.1.3",
          "resolved": "https://registry.npmmirror.com/domelementtype/download/domelementtype-1.1.3.tgz",
          "integrity": "sha1-vSh3PiZCiBrsUVRJJCmcXNgiGFs="
        },
        "domhandler": {
          "version": "2.2.1",
          "resolved": "https://registry.npmmirror.com/domhandler/download/domhandler-2.2.1.tgz",
          "integrity": "sha1-Wd+dzSJ+gIs2Wuc+H2aErD2Ub8I=",
          "requires": {
            "domelementtype": "1"
          }
        },
        "domutils": {
          "version": "1.5.1",
          "resolved": "https://registry.npmmirror.com/domutils/download/domutils-1.5.1.tgz",
          "integrity": "sha1-3NhIiib1Y9YQeeSMn3t+Mjc2gs8=",
          "requires": {
            "dom-serializer": "0",
            "domelementtype": "1"
          }
        },
        "entities": {
          "version": "1.1.2",
          "resolved": "https://registry.npmmirror.com/entities/download/entities-1.1.2.tgz",
          "integrity": "sha1-vfpzUplmTfr9NFKe1PhSKidf6lY="
        },
        "htmlparser2": {
          "version": "3.7.3",
          "resolved": "https://registry.npmmirror.com/htmlparser2/download/htmlparser2-3.7.3.tgz?cache=0&sync_timestamp=1636640908020&other_urls=https%3A%2F%2Fregistry.npmmirror.com%2Fhtmlparser2%2Fdownload%2Fhtmlparser2-3.7.3.tgz",
          "integrity": "sha1-amTHdjfAjG8w7CqBV6UzM758sF4=",
          "requires": {
            "domelementtype": "1",
            "domhandler": "2.2",
            "domutils": "1.5",
            "entities": "1.0",
            "readable-stream": "1.1"
          },
          "dependencies": {
            "entities": {
              "version": "1.0.0",
              "resolved": "https://registry.npmmirror.com/entities/download/entities-1.0.0.tgz",
              "integrity": "sha1-sph6o4ITR/zeZCsk/fyeT7cSvyY="
            }
          }
        }
      }
    },
    "gitbook-plugin-search-plus": {
      "version": "1.0.4-alpha-3",
      "resolved": "https://registry.npmmirror.com/gitbook-plugin-search-plus/download/gitbook-plugin-search-plus-1.0.4-alpha-3.tgz",
      "integrity": "sha1-zAHQTxFnMlWpapgcdu10FPnTB2M=",
      "requires": {
        "html-entities": "1.2.0"
      }
    },
    "gitbook-plugin-search-pro": {
      "version": "2.0.2",
      "resolved": "https://registry.npmmirror.com/gitbook-plugin-search-pro/download/gitbook-plugin-search-pro-2.0.2.tgz",
      "integrity": "sha1-fOduj2XCBESJucaSc2sj+B/mofI=",
      "requires": {
        "html-entities": "1.2.0"
      }
    },
    "gitbook-plugin-splitter": {
      "version": "0.0.8",
      "resolved": "https://registry.npmmirror.com/gitbook-plugin-splitter/download/gitbook-plugin-splitter-0.0.8.tgz",
      "integrity": "sha1-8rBRMGD8kma0awQYLk7KHUtx+vw="
    },
    "gitbook-plugin-theme-comscore": {
      "version": "0.0.3",
      "resolved": "https://registry.npmmirror.com/gitbook-plugin-theme-comscore/download/gitbook-plugin-theme-comscore-0.0.3.tgz",
      "integrity": "sha1-miVPpKNxNSkgleQ0TyWSErV4H+0="
    },
    "gitbook-plugin-theme-fexa": {
      "version": "1.0.6",
      "resolved": "https://registry.npmmirror.com/gitbook-plugin-theme-fexa/download/gitbook-plugin-theme-fexa-1.0.6.tgz",
      "integrity": "sha1-083SsmywRK5HZZeJFOuMPqynnuA="
    },
    "github-slugid": {
      "version": "1.0.1",
      "resolved": "https://registry.npmmirror.com/github-slugid/download/github-slugid-1.0.1.tgz",
      "integrity": "sha1-vM3QgVv61p2KNZ+k/WWUfWBuw8A="
    },
    "html-entities": {
      "version": "1.2.0",
      "resolved": "https://registry.npmmirror.com/html-entities/download/html-entities-1.2.0.tgz",
      "integrity": "sha1-QZSMr4XOgv7Tbk5qDtNxpmZDeeI="
    },
    "htmlparser2": {
      "version": "6.1.0",
      "resolved": "https://registry.npmmirror.com/htmlparser2/download/htmlparser2-6.1.0.tgz?cache=0&sync_timestamp=1636640908020&other_urls=https%3A%2F%2Fregistry.npmmirror.com%2Fhtmlparser2%2Fdownload%2Fhtmlparser2-6.1.0.tgz",
      "integrity": "sha1-xNditsM3GgXb5l6UrkOp+EX7j7c=",
      "requires": {
        "domelementtype": "^2.0.1",
        "domhandler": "^4.0.0",
        "domutils": "^2.5.2",
        "entities": "^2.0.0"
      }
    },
    "inherits": {
      "version": "2.0.4",
      "resolved": "https://registry.npmmirror.com/inherits/download/inherits-2.0.4.tgz",
      "integrity": "sha1-D6LGT5MpF8NDOg3tVTY6rjdBa3w="
    },
    "isarray": {
      "version": "0.0.1",
      "resolved": "https://registry.npmmirror.com/isarray/download/isarray-0.0.1.tgz",
      "integrity": "sha1-ihis/Kmo9Bd+Cav8YDiTmwXR7t8="
    },
    "lodash": {
      "version": "2.4.2",
      "resolved": "https://registry.npmmirror.com/lodash/download/lodash-2.4.2.tgz",
      "integrity": "sha1-+t2DS5aDBz2hebPq5tnA0VBT9z4="
    },
    "nth-check": {
      "version": "2.0.1",
      "resolved": "https://registry.npmmirror.com/nth-check/download/nth-check-2.0.1.tgz",
      "integrity": "sha1-Lv4WL1w9oGoolZ+9PbddvuqfD8I=",
      "requires": {
        "boolbase": "^1.0.0"
      }
    },
    "parse5": {
      "version": "6.0.1",
      "resolved": "https://registry.npmmirror.com/parse5/download/parse5-6.0.1.tgz",
      "integrity": "sha1-4aHAhcVps9wIMhGE8Zo5zCf3wws="
    },
    "parse5-htmlparser2-tree-adapter": {
      "version": "6.0.1",
      "resolved": "https://registry.npmmirror.com/parse5-htmlparser2-tree-adapter/download/parse5-htmlparser2-tree-adapter-6.0.1.tgz",
      "integrity": "sha1-LN+a2CMyEUA3DU2/XT6Sx8jdxuY=",
      "requires": {
        "parse5": "^6.0.1"
      }
    },
    "readable-stream": {
      "version": "1.1.14",
      "resolved": "https://registry.npmmirror.com/readable-stream/download/readable-stream-1.1.14.tgz?cache=0&sync_timestamp=1632380409088&other_urls=https%3A%2F%2Fregistry.npmmirror.com%2Freadable-stream%2Fdownload%2Freadable-stream-1.1.14.tgz",
      "integrity": "sha1-fPTFTvZI44EwhMY23SB54WbAgdk=",
      "requires": {
        "core-util-is": "~1.0.0",
        "inherits": "~2.0.1",
        "isarray": "0.0.1",
        "string_decoder": "~0.10.x"
      }
    },
    "string_decoder": {
      "version": "0.10.31",
      "resolved": "https://registry.npmmirror.com/string_decoder/download/string_decoder-0.10.31.tgz",
      "integrity": "sha1-YuIDvEF2bGwoyfyEMB2rHFMQ+pQ="
    },
    "tslib": {
      "version": "2.3.1",
      "resolved": "https://registry.npmmirror.com/tslib/download/tslib-2.3.1.tgz",
      "integrity": "sha1-6KM1rdXOrlGqJh0ypJAVjvBC7wE="
    }
  }
}
